// !$*UTF8*$!
{
	archiveVersion = 1;
	classes = {
	};
	objectVersion = 50;
	objects = {

/* Begin PBXBuildFile section */
		4B452ADB281E02100058B092 /* TextView.swift in Sources */ = {isa = PBXBuildFile; fileRef = 4B452ADA281E02100058B092 /* TextView.swift */; };
		4B452ADF281E12230058B092 /* RoundedViewStroked.swift in Sources */ = {isa = PBXBuildFile; fileRef = 4B452ADE281E12230058B092 /* RoundedViewStroked.swift */; };
		4B452AE52820AE4B0058B092 /* BackgroundView.swift in Sources */ = {isa = PBXBuildFile; fileRef = 4B452AE42820AE4B0058B092 /* BackgroundView.swift */; };
		4B4F5DE82818FECC00988F3B /* BullsEyeTests.swift in Sources */ = {isa = PBXBuildFile; fileRef = 4B4F5DE72818FECC00988F3B /* BullsEyeTests.swift */; };
		4B5BEE9C2818E77D008A35D2 /* Game.swift in Sources */ = {isa = PBXBuildFile; fileRef = 4B5BEE9B2818E77C008A35D2 /* Game.swift */; };
		4BF6AC532815241100820DB9 /* BullsEyeApp.swift in Sources */ = {isa = PBXBuildFile; fileRef = 4BF6AC522815241100820DB9 /* BullsEyeApp.swift */; };
		4BF6AC552815241100820DB9 /* ContentView.swift in Sources */ = {isa = PBXBuildFile; fileRef = 4BF6AC542815241100820DB9 /* ContentView.swift */; };
		4BF6AC572815241600820DB9 /* Assets.xcassets in Resources */ = {isa = PBXBuildFile; fileRef = 4BF6AC562815241600820DB9 /* Assets.xcassets */; };
		4BF6AC5A2815241600820DB9 /* Preview Assets.xcassets in Resources */ = {isa = PBXBuildFile; fileRef = 4BF6AC592815241600820DB9 /* Preview Assets.xcassets */; };
/* End PBXBuildFile section */

/* Begin PBXContainerItemProxy section */
		4B4F5DEA2818FECC00988F3B /* PBXContainerItemProxy */ = {
			isa = PBXContainerItemProxy;
			containerPortal = 4BF6AC472815241100820DB9 /* Project object */;
			proxyType = 1;
			remoteGlobalIDString = 4BF6AC4E2815241100820DB9;
			remoteInfo = BullsEye;
		};
/* End PBXContainerItemProxy section */

/* Begin PBXFileReference section */
		4B452ADA281E02100058B092 /* TextView.swift */ = {isa = PBXFileReference; lastKnownFileType = sourcecode.swift; path = TextView.swift; sourceTree = "<group>"; };
		4B452ADE281E12230058B092 /* RoundedViewStroked.swift */ = {isa = PBXFileReference; lastKnownFileType = sourcecode.swift; path = RoundedViewStroked.swift; sourceTree = "<group>"; };
		4B452AE42820AE4B0058B092 /* BackgroundView.swift */ = {isa = PBXFileReference; lastKnownFileType = sourcecode.swift; path = BackgroundView.swift; sourceTree = "<group>"; };
		4B4F5DE52818FECC00988F3B /* BullsEyeTests.xctest */ = {isa = PBXFileReference; explicitFileType = wrapper.cfbundle; includeInIndex = 0; path = BullsEyeTests.xctest; sourceTree = BUILT_PRODUCTS_DIR; };
		4B4F5DE72818FECC00988F3B /* BullsEyeTests.swift */ = {isa = PBXFileReference; lastKnownFileType = sourcecode.swift; path = BullsEyeTests.swift; sourceTree = "<group>"; };
		4B4F5DE92818FECC00988F3B /* Info.plist */ = {isa = PBXFileReference; lastKnownFileType = text.plist.xml; path = Info.plist; sourceTree = "<group>"; };
		4B5BEE9B2818E77C008A35D2 /* Game.swift */ = {isa = PBXFileReference; lastKnownFileType = sourcecode.swift; path = Game.swift; sourceTree = "<group>"; };
		4BF6AC4F2815241100820DB9 /* BullsEye.app */ = {isa = PBXFileReference; explicitFileType = wrapper.application; includeInIndex = 0; path = BullsEye.app; sourceTree = BUILT_PRODUCTS_DIR; };
		4BF6AC522815241100820DB9 /* BullsEyeApp.swift */ = {isa = PBXFileReference; lastKnownFileType = sourcecode.swift; path = BullsEyeApp.swift; sourceTree = "<group>"; };
		4BF6AC542815241100820DB9 /* ContentView.swift */ = {isa = PBXFileReference; lastKnownFileType = sourcecode.swift; path = ContentView.swift; sourceTree = "<group>"; };
		4BF6AC562815241600820DB9 /* Assets.xcassets */ = {isa = PBXFileReference; lastKnownFileType = folder.assetcatalog; path = Assets.xcassets; sourceTree = "<group>"; };
		4BF6AC592815241600820DB9 /* Preview Assets.xcassets */ = {isa = PBXFileReference; lastKnownFileType = folder.assetcatalog; path = "Preview Assets.xcassets"; sourceTree = "<group>"; };
		4BF6AC5B2815241600820DB9 /* Info.plist */ = {isa = PBXFileReference; lastKnownFileType = text.plist.xml; path = Info.plist; sourceTree = "<group>"; };
/* End PBXFileReference section */

/* Begin PBXFrameworksBuildPhase section */
		4B4F5DE22818FECC00988F3B /* Frameworks */ = {
			isa = PBXFrameworksBuildPhase;
			buildActionMask = 2147483647;
			files = (
			);
			runOnlyForDeploymentPostprocessing = 0;
		};
		4BF6AC4C2815241100820DB9 /* Frameworks */ = {
			isa = PBXFrameworksBuildPhase;
			buildActionMask = 2147483647;
			files = (
			);
			runOnlyForDeploymentPostprocessing = 0;
		};
/* End PBXFrameworksBuildPhase section */

/* Begin PBXGroup section */
		4B4F5DE62818FECC00988F3B /* BullsEyeTests */ = {
			isa = PBXGroup;
			children = (
				4B4F5DE72818FECC00988F3B /* BullsEyeTests.swift */,
				4B4F5DE92818FECC00988F3B /* Info.plist */,
			);
			path = BullsEyeTests;
			sourceTree = "<group>";
		};
		4B5BEE932818E427008A35D2 /* Model */ = {
			isa = PBXGroup;
			children = (
				4B5BEE9B2818E77C008A35D2 /* Game.swift */,
			);
			name = Model;
			path = "New Group";
			sourceTree = "<group>";
		};
		4B5BEE942818E46A008A35D2 /* View */ = {
			isa = PBXGroup;
			children = (
				4BF6AC542815241100820DB9 /* ContentView.swift */,
				4B452ADA281E02100058B092 /* TextView.swift */,
				4B452ADE281E12230058B092 /* RoundedViewStroked.swift */,
				4B452AE42820AE4B0058B092 /* BackgroundView.swift */,
			);
			path = View;
			sourceTree = "<group>";
		};
		4B5BEE952818E4BE008A35D2 /* App */ = {
			isa = PBXGroup;
			children = (
				4BF6AC522815241100820DB9 /* BullsEyeApp.swift */,
				4BF6AC562815241600820DB9 /* Assets.xcassets */,
				4BF6AC5B2815241600820DB9 /* Info.plist */,
				4BF6AC582815241600820DB9 /* Preview Content */,
				4BF6AC502815241100820DB9 /* Products */,
			);
			path = App;
			sourceTree = "<group>";
		};
		4BF6AC462815241100820DB9 = {
			isa = PBXGroup;
			children = (
				4BF6AC512815241100820DB9 /* BullsEye */,
				4B4F5DE62818FECC00988F3B /* BullsEyeTests */,
			);
			sourceTree = "<group>";
		};
		4BF6AC502815241100820DB9 /* Products */ = {
			isa = PBXGroup;
			children = (
				4BF6AC4F2815241100820DB9 /* BullsEye.app */,
				4B4F5DE52818FECC00988F3B /* BullsEyeTests.xctest */,
			);
			name = Products;
			path = ..;
			sourceTree = "<group>";
		};
		4BF6AC512815241100820DB9 /* BullsEye */ = {
			isa = PBXGroup;
			children = (
				4B5BEE952818E4BE008A35D2 /* App */,
				4B5BEE942818E46A008A35D2 /* View */,
				4B5BEE932818E427008A35D2 /* Model */,
			);
			path = BullsEye;
			sourceTree = "<group>";
		};
		4BF6AC582815241600820DB9 /* Preview Content */ = {
			isa = PBXGroup;
			children = (
				4BF6AC592815241600820DB9 /* Preview Assets.xcassets */,
			);
			path = "Preview Content";
			sourceTree = "<group>";
		};
/* End PBXGroup section */

/* Begin PBXNativeTarget section */
		4B4F5DE42818FECC00988F3B /* BullsEyeTests */ = {
			isa = PBXNativeTarget;
			buildConfigurationList = 4B4F5DEE2818FECD00988F3B /* Build configuration list for PBXNativeTarget "BullsEyeTests" */;
			buildPhases = (
				4B4F5DE12818FECC00988F3B /* Sources */,
				4B4F5DE22818FECC00988F3B /* Frameworks */,
				4B4F5DE32818FECC00988F3B /* Resources */,
			);
			buildRules = (
			);
			dependencies = (
				4B4F5DEB2818FECC00988F3B /* PBXTargetDependency */,
			);
			name = BullsEyeTests;
			productName = BullsEyeTests;
			productReference = 4B4F5DE52818FECC00988F3B /* BullsEyeTests.xctest */;
			productType = "com.apple.product-type.bundle.unit-test";
		};
		4BF6AC4E2815241100820DB9 /* BullsEye */ = {
			isa = PBXNativeTarget;
			buildConfigurationList = 4BF6AC5E2815241600820DB9 /* Build configuration list for PBXNativeTarget "BullsEye" */;
			buildPhases = (
				4BF6AC4B2815241100820DB9 /* Sources */,
				4BF6AC4C2815241100820DB9 /* Frameworks */,
				4BF6AC4D2815241100820DB9 /* Resources */,
			);
			buildRules = (
			);
			dependencies = (
			);
			name = BullsEye;
			productName = BullsEye;
			productReference = 4BF6AC4F2815241100820DB9 /* BullsEye.app */;
			productType = "com.apple.product-type.application";
		};
/* End PBXNativeTarget section */

/* Begin PBXProject section */
		4BF6AC472815241100820DB9 /* Project object */ = {
			isa = PBXProject;
			attributes = {
				LastSwiftUpdateCheck = 1240;
				LastUpgradeCheck = 1240;
				TargetAttributes = {
					4B4F5DE42818FECC00988F3B = {
						CreatedOnToolsVersion = 12.4;
						TestTargetID = 4BF6AC4E2815241100820DB9;
					};
					4BF6AC4E2815241100820DB9 = {
						CreatedOnToolsVersion = 12.4;
					};
				};
			};
			buildConfigurationList = 4BF6AC4A2815241100820DB9 /* Build configuration list for PBXProject "BullsEye" */;
			compatibilityVersion = "Xcode 9.3";
			developmentRegion = en;
			hasScannedForEncodings = 0;
			knownRegions = (
				en,
				Base,
			);
			mainGroup = 4BF6AC462815241100820DB9;
			productRefGroup = 4BF6AC502815241100820DB9 /* Products */;
			projectDirPath = "";
			projectRoot = "";
			targets = (
				4BF6AC4E2815241100820DB9 /* BullsEye */,
				4B4F5DE42818FECC00988F3B /* BullsEyeTests */,
			);
		};
/* End PBXProject section */

/* Begin PBXResourcesBuildPhase section */
		4B4F5DE32818FECC00988F3B /* Resources */ = {
			isa = PBXResourcesBuildPhase;
			buildActionMask = 2147483647;
			files = (
			);
			runOnlyForDeploymentPostprocessing = 0;
		};
		4BF6AC4D2815241100820DB9 /* Resources */ = {
			isa = PBXResourcesBuildPhase;
			buildActionMask = 2147483647;
			files = (
				4BF6AC5A2815241600820DB9 /* Preview Assets.xcassets in Resources */,
				4BF6AC572815241600820DB9 /* Assets.xcassets in Resources */,
			);
			runOnlyForDeploymentPostprocessing = 0;
		};
/* End PBXResourcesBuildPhase section */

/* Begin PBXSourcesBuildPhase section */
		4B4F5DE12818FECC00988F3B /* Sources */ = {
			isa = PBXSourcesBuildPhase;
			buildActionMask = 2147483647;
			files = (
				4B4F5DE82818FECC00988F3B /* BullsEyeTests.swift in Sources */,
			);
			runOnlyForDeploymentPostprocessing = 0;
		};
		4BF6AC4B2815241100820DB9 /* Sources */ = {
			isa = PBXSourcesBuildPhase;
			buildActionMask = 2147483647;
			files = (
				4B452AE52820AE4B0058B092 /* BackgroundView.swift in Sources */,
				4BF6AC552815241100820DB9 /* ContentView.swift in Sources */,
				4B452ADB281E02100058B092 /* TextView.swift in Sources */,
				4B452ADF281E12230058B092 /* RoundedViewStroked.swift in Sources */,
				4B5BEE9C2818E77D008A35D2 /* Game.swift in Sources */,
				4BF6AC532815241100820DB9 /* BullsEyeApp.swift in Sources */,
			);
			runOnlyForDeploymentPostprocessing = 0;
		};
/* End PBXSourcesBuildPhase section */

/* Begin PBXTargetDependency section */
		4B4F5DEB2818FECC00988F3B /* PBXTargetDependency */ = {
			isa = PBXTargetDependency;
			target = 4BF6AC4E2815241100820DB9 /* BullsEye */;
			targetProxy = 4B4F5DEA2818FECC00988F3B /* PBXContainerItemProxy */;
		};
/* End PBXTargetDependency section */

/* Begin XCBuildConfiguration section */
		4B4F5DEC2818FECC00988F3B /* Debug */ = {
			isa = XCBuildConfiguration;
			buildSettings = {
				BUNDLE_LOADER = "$(TEST_HOST)";
				CODE_SIGN_STYLE = Automatic;
				DEVELOPMENT_TEAM = 2Y93R6FJ4K;
				INFOPLIST_FILE = BullsEyeTests/Info.plist;
				LD_RUNPATH_SEARCH_PATHS = (
					"$(inherited)",
					"@executable_path/Frameworks",
					"@loader_path/Frameworks",
				);
				PRODUCT_BUNDLE_IDENTIFIER = com.davidonoh.BullsEyeTests;
				PRODUCT_NAME = "$(TARGET_NAME)";
				SWIFT_VERSION = 5.0;
				TARGETED_DEVICE_FAMILY = "1,2";
				TEST_HOST = "$(BUILT_PRODUCTS_DIR)/BullsEye.app/BullsEye";
			};
			name = Debug;
		};
		4B4F5DED2818FECC00988F3B /* Release */ = {
			isa = XCBuildConfiguration;
			buildSettings = {
				BUNDLE_LOADER = "$(TEST_HOST)";
				CODE_SIGN_STYLE = Automatic;
				DEVELOPMENT_TEAM = 2Y93R6FJ4K;
				INFOPLIST_FILE = BullsEyeTests/Info.plist;
				LD_RUNPATH_SEARCH_PATHS = (
					"$(inherited)",
					"@executable_path/Frameworks",
					"@loader_path/Frameworks",
				);
				PRODUCT_BUNDLE_IDENTIFIER = com.davidonoh.BullsEyeTests;
				PRODUCT_NAME = "$(TARGET_NAME)";
				SWIFT_VERSION = 5.0;
				TARGETED_DEVICE_FAMILY = "1,2";
				TEST_HOST = "$(BUILT_PRODUCTS_DIR)/BullsEye.app/BullsEye";
			};
			name = Release;
		};
		4BF6AC5C2815241600820DB9 /* Debug */ = {
			isa = XCBuildConfiguration;
			buildSettings = {
				ALWAYS_SEARCH_USER_PATHS = NO;
				CLANG_ANALYZER_NONNULL = YES;
				CLANG_ANALYZER_NUMBER_OBJECT_CONVERSION = YES_AGGRESSIVE;
				CLANG_CXX_LANGUAGE_STANDARD = "gnu++14";
				CLANG_CXX_LIBRARY = "libc++";
				CLANG_ENABLE_MODULES = YES;
				CLANG_ENABLE_OBJC_ARC = YES;
				CLANG_ENABLE_OBJC_WEAK = YES;
				CLANG_WARN_BLOCK_CAPTURE_AUTORELEASING = YES;
				CLANG_WARN_BOOL_CONVERSION = YES;
				CLANG_WARN_COMMA = YES;
				CLANG_WARN_CONSTANT_CONVERSION = YES;
				CLANG_WARN_DEPRECATED_OBJC_IMPLEMENTATIONS = YES;
				CLANG_WARN_DIRECT_OBJC_ISA_USAGE = YES_ERROR;
				CLANG_WARN_DOCUMENTATION_COMMENTS = YES;
				CLANG_WARN_EMPTY_BODY = YES;
				CLANG_WARN_ENUM_CONVERSION = YES;
				CLANG_WARN_INFINITE_RECURSION = YES;
				CLANG_WARN_INT_CONVERSION = YES;
				CLANG_WARN_NON_LITERAL_NULL_CONVERSION = YES;
				CLANG_WARN_OBJC_IMPLICIT_RETAIN_SELF = YES;
				CLANG_WARN_OBJC_LITERAL_CONVERSION = YES;
				CLANG_WARN_OBJC_ROOT_CLASS = YES_ERROR;
				CLANG_WARN_QUOTED_INCLUDE_IN_FRAMEWORK_HEADER = YES;
				CLANG_WARN_RANGE_LOOP_ANALYSIS = YES;
				CLANG_WARN_STRICT_PROTOTYPES = YES;
				CLANG_WARN_SUSPICIOUS_MOVE = YES;
				CLANG_WARN_UNGUARDED_AVAILABILITY = YES_AGGRESSIVE;
				CLANG_WARN_UNREACHABLE_CODE = YES;
				CLANG_WARN__DUPLICATE_METHOD_MATCH = YES;
				COPY_PHASE_STRIP = NO;
				DEBUG_INFORMATION_FORMAT = dwarf;
				ENABLE_STRICT_OBJC_MSGSEND = YES;
				ENABLE_TESTABILITY = YES;
				GCC_C_LANGUAGE_STANDARD = gnu11;
				GCC_DYNAMIC_NO_PIC = NO;
				GCC_NO_COMMON_BLOCKS = YES;
				GCC_OPTIMIZATION_LEVEL = 0;
				GCC_PREPROCESSOR_DEFINITIONS = (
					"DEBUG=1",
					"$(inherited)",
				);
				GCC_WARN_64_TO_32_BIT_CONVERSION = YES;
				GCC_WARN_ABOUT_RETURN_TYPE = YES_ERROR;
				GCC_WARN_UNDECLARED_SELECTOR = YES;
				GCC_WARN_UNINITIALIZED_AUTOS = YES_AGGRESSIVE;
				GCC_WARN_UNUSED_FUNCTION = YES;
				GCC_WARN_UNUSED_VARIABLE = YES;
				IPHONEOS_DEPLOYMENT_TARGET = 14.4;
				MTL_ENABLE_DEBUG_INFO = INCLUDE_SOURCE;
				MTL_FAST_MATH = YES;
				ONLY_ACTIVE_ARCH = YES;
				SDKROOT = iphoneos;
				SWIFT_ACTIVE_COMPILATION_CONDITIONS = DEBUG;
				SWIFT_OPTIMIZATION_LEVEL = "-Onone";
			};
			name = Debug;
		};
		4BF6AC5D2815241600820DB9 /* Release */ = {
			isa = XCBuildConfiguration;
			buildSettings = {
				ALWAYS_SEARCH_USER_PATHS = NO;
				CLANG_ANALYZER_NONNULL = YES;
				CLANG_ANALYZER_NUMBER_OBJECT_CONVERSION = YES_AGGRESSIVE;
				CLANG_CXX_LANGUAGE_STANDARD = "gnu++14";
				CLANG_CXX_LIBRARY = "libc++";
				CLANG_ENABLE_MODULES = YES;
				CLANG_ENABLE_OBJC_ARC = YES;
				CLANG_ENABLE_OBJC_WEAK = YES;
				CLANG_WARN_BLOCK_CAPTURE_AUTORELEASING = YES;
				CLANG_WARN_BOOL_CONVERSION = YES;
				CLANG_WARN_COMMA = YES;
				CLANG_WARN_CONSTANT_CONVERSION = YES;
				CLANG_WARN_DEPRECATED_OBJC_IMPLEMENTATIONS = YES;
				CLANG_WARN_DIRECT_OBJC_ISA_USAGE = YES_ERROR;
				CLANG_WARN_DOCUMENTATION_COMMENTS = YES;
				CLANG_WARN_EMPTY_BODY = YES;
				CLANG_WARN_ENUM_CONVERSION = YES;
				CLANG_WARN_INFINITE_RECURSION = YES;
				CLANG_WARN_INT_CONVERSION = YES;
				CLANG_WARN_NON_LITERAL_NULL_CONVERSION = YES;
				CLANG_WARN_OBJC_IMPLICIT_RETAIN_SELF = YES;
				CLANG_WARN_OBJC_LITERAL_CONVERSION = YES;
				CLANG_WARN_OBJC_ROOT_CLASS = YES_ERROR;
				CLANG_WARN_QUOTED_INCLUDE_IN_FRAMEWORK_HEADER = YES;
				CLANG_WARN_RANGE_LOOP_ANALYSIS = YES;
				CLANG_WARN_STRICT_PROTOTYPES = YES;
				CLANG_WARN_SUSPICIOUS_MOVE = YES;
				CLANG_WARN_UNGUARDED_AVAILABILITY = YES_AGGRESSIVE;
				CLANG_WARN_UNREACHABLE_CODE = YES;
				CLANG_WARN__DUPLICATE_METHOD_MATCH = YES;
				COPY_PHASE_STRIP = NO;
				DEBUG_INFORMATION_FORMAT = "dwarf-with-dsym";
				ENABLE_NS_ASSERTIONS = NO;
				ENABLE_STRICT_OBJC_MSGSEND = YES;
				GCC_C_LANGUAGE_STANDARD = gnu11;
				GCC_NO_COMMON_BLOCKS = YES;
				GCC_WARN_64_TO_32_BIT_CONVERSION = YES;
				GCC_WARN_ABOUT_RETURN_TYPE = YES_ERROR;
				GCC_WARN_UNDECLARED_SELECTOR = YES;
				GCC_WARN_UNINITIALIZED_AUTOS = YES_AGGRESSIVE;
				GCC_WARN_UNUSED_FUNCTION = YES;
				GCC_WARN_UNUSED_VARIABLE = YES;
				IPHONEOS_DEPLOYMENT_TARGET = 14.4;
				MTL_ENABLE_DEBUG_INFO = NO;
				MTL_FAST_MATH = YES;
				SDKROOT = iphoneos;
				SWIFT_COMPILATION_MODE = wholemodule;
				SWIFT_OPTIMIZATION_LEVEL = "-O";
				VALIDATE_PRODUCT = YES;
			};
			name = Release;
		};
		4BF6AC5F2815241600820DB9 /* Debug */ = {
			isa = XCBuildConfiguration;
			buildSettings = {
				ASSETCATALOG_COMPILER_APPICON_NAME = AppIcon;
				ASSETCATALOG_COMPILER_GLOBAL_ACCENT_COLOR_NAME = AccentColor;
				CODE_SIGN_STYLE = Automatic;
				DEVELOPMENT_ASSET_PATHS = "\"BullsEye/App/Preview Content\"";
				DEVELOPMENT_TEAM = 2Y93R6FJ4K;
				ENABLE_PREVIEWS = YES;
				INFOPLIST_FILE = BullsEye/App/Info.plist;
				IPHONEOS_DEPLOYMENT_TARGET = 14.0;
				LD_RUNPATH_SEARCH_PATHS = (
					"$(inherited)",
					"@executable_path/Frameworks",
				);
				PRODUCT_BUNDLE_IDENTIFIER = com.davidonoh.BullsEye;
				PRODUCT_NAME = "$(TARGET_NAME)";
				SWIFT_VERSION = 5.0;
				TARGETED_DEVICE_FAMILY = "1,2";
			};
			name = Debug;
		};
		4BF6AC602815241600820DB9 /* Release */ = {
			isa = XCBuildConfiguration;
			buildSettings = {
				ASSETCATALOG_COMPILER_APPICON_NAME = AppIcon;
				ASSETCATALOG_COMPILER_GLOBAL_ACCENT_COLOR_NAME = AccentColor;
				CODE_SIGN_STYLE = Automatic;
				DEVELOPMENT_ASSET_PATHS = "\"BullsEye/App/Preview Content\"";
				DEVELOPMENT_TEAM = 2Y93R6FJ4K;
				ENABLE_PREVIEWS = YES;
				INFOPLIST_FILE = BullsEye/App/Info.plist;
				IPHONEOS_DEPLOYMENT_TARGET = 14.0;
				LD_RUNPATH_SEARCH_PATHS = (
					"$(inherited)",
					"@executable_path/Frameworks",
				);
				PRODUCT_BUNDLE_IDENTIFIER = com.davidonoh.BullsEye;
				PRODUCT_NAME = "$(TARGET_NAME)";
				SWIFT_VERSION = 5.0;
				TARGETED_DEVICE_FAMILY = "1,2";
			};
			name = Release;
		};
/* End XCBuildConfiguration section */

/* Begin XCConfigurationList section */
		4B4F5DEE2818FECD00988F3B /* Build configuration list for PBXNativeTarget "BullsEyeTests" */ = {
			isa = XCConfigurationList;
			buildConfigurations = (
				4B4F5DEC2818FECC00988F3B /* Debug */,
				4B4F5DED2818FECC00988F3B /* Release */,
			);
			defaultConfigurationIsVisible = 0;
			defaultConfigurationName = Release;
		};
		4BF6AC4A2815241100820DB9 /* Build configuration list for PBXProject "BullsEye" */ = {
			isa = XCConfigurationList;
			buildConfigurations = (
				4BF6AC5C2815241600820DB9 /* Debug */,
				4BF6AC5D2815241600820DB9 /* Release */,
			);
			defaultConfigurationIsVisible = 0;
			defaultConfigurationName = Release;
		};
		4BF6AC5E2815241600820DB9 /* Build configuration list for PBXNativeTarget "BullsEye" */ = {
			isa = XCConfigurationList;
			buildConfigurations = (
				4BF6AC5F2815241600820DB9 /* Debug */,
				4BF6AC602815241600820DB9 /* Release */,
			);
			defaultConfigurationIsVisible = 0;
			defaultConfigurationName = Release;
		};
/* End XCConfigurationList section */
	};
	rootObject = 4BF6AC472815241100820DB9 /* Project object */;
}
